
Microsoft Visual Studio Solution File, Format Version 12.00
# Visual Studio Version 17
VisualStudioVersion = 17.1.32421.90
MinimumVisualStudioVersion = 10.0.40219.1
Project("{FAE04EC0-301F-11D3-BF4B-00C04F79EFBC}") = "IBS Website", "IBS Website\IBS Website.csproj", "{B43429BF-B350-44F9-A44E-6A527C9468C3}"
EndProject
Global
	GlobalSection(SolutionConfigurationPlatforms) = preSolution
		Debug|Any CPU = Debug|Any CPU
		Release|Any CPU = Release|Any CPU
	EndGlobalSection
	GlobalSection(ProjectConfigurationPlatforms) = postSolution
		{B43429BF-B350-44F9-A44E-6A527C9468C3}.Debug|Any CPU.ActiveCfg = Debug|Any CPU
		{B43429BF-B350-44F9-A44E-6A527C9468C3}.Debug|Any CPU.Build.0 = Debug|Any CPU
		{B43429BF-B350-44F9-A44E-6A527C9468C3}.Release|Any CPU.ActiveCfg = Release|Any CPU
		{B43429BF-B350-44F9-A44E-6A527C9468C3}.Release|Any CPU.Build.0 = Release|Any CPU
	EndGlobalSection
	GlobalSection(SolutionProperties) = preSolution
		HideSolutionNode = FALSE
	EndGlobalSection
	GlobalSection(ExtensibilityGlobals) = postSolution
		SolutionGuid = {79C25946-BE55-44E4-9B38-AB3761BD60C7}
	EndGlobalSection
EndGlobal
